
Microsoft Visual Studio Solution File, Format Version 12.00
# Visual Studio Version 17
VisualStudioVersion = 17.4.33213.308
MinimumVisualStudioVersion = 10.0.40219.1
Project("{FAE04EC0-301F-11D3-BF4B-00C04F79EFBC}") = "FinalTravelAgency", "FinalTravelAgency\FinalTravelAgency.csproj", "{F16A0DC9-33FC-4A77-96EF-47370EE21DD2}"
EndProject
Project("{FAE04EC0-301F-11D3-BF4B-00C04F79EFBC}") = "BLL", "BLL\BLL.csproj", "{DD931788-CFB8-446C-BFC3-643750D51A62}"
EndProject
Project("{FAE04EC0-301F-11D3-BF4B-00C04F79EFBC}") = "DAL", "DAL\DAL.csproj", "{9304DB27-B804-4EE2-917D-3911C6E45BE2}"
EndProject
Global
	GlobalSection(SolutionConfigurationPlatforms) = preSolution
		Debug|Any CPU = Debug|Any CPU
		Release|Any CPU = Release|Any CPU
	EndGlobalSection
	GlobalSection(ProjectConfigurationPlatforms) = postSolution
		{F16A0DC9-33FC-4A77-96EF-47370EE21DD2}.Debug|Any CPU.ActiveCfg = Debug|Any CPU
		{F16A0DC9-33FC-4A77-96EF-47370EE21DD2}.Debug|Any CPU.Build.0 = Debug|Any CPU
		{F16A0DC9-33FC-4A77-96EF-47370EE21DD2}.Release|Any CPU.ActiveCfg = Release|Any CPU
		{F16A0DC9-33FC-4A77-96EF-47370EE21DD2}.Release|Any CPU.Build.0 = Release|Any CPU
		{DD931788-CFB8-446C-BFC3-643750D51A62}.Debug|Any CPU.ActiveCfg = Debug|Any CPU
		{DD931788-CFB8-446C-BFC3-643750D51A62}.Debug|Any CPU.Build.0 = Debug|Any CPU
		{DD931788-CFB8-446C-BFC3-643750D51A62}.Release|Any CPU.ActiveCfg = Release|Any CPU
		{DD931788-CFB8-446C-BFC3-643750D51A62}.Release|Any CPU.Build.0 = Release|Any CPU
		{9304DB27-B804-4EE2-917D-3911C6E45BE2}.Debug|Any CPU.ActiveCfg = Debug|Any CPU
		{9304DB27-B804-4EE2-917D-3911C6E45BE2}.Debug|Any CPU.Build.0 = Debug|Any CPU
		{9304DB27-B804-4EE2-917D-3911C6E45BE2}.Release|Any CPU.ActiveCfg = Release|Any CPU
		{9304DB27-B804-4EE2-917D-3911C6E45BE2}.Release|Any CPU.Build.0 = Release|Any CPU
	EndGlobalSection
	GlobalSection(SolutionProperties) = preSolution
		HideSolutionNode = FALSE
	EndGlobalSection
	GlobalSection(ExtensibilityGlobals) = postSolution
		SolutionGuid = {29A44BF4-175E-4F81-A034-5B296695FA42}
	EndGlobalSection
EndGlobal
